
Microsoft Visual Studio Solution File, Format Version 12.00
# Visual Studio Version 16
VisualStudioVersion = 16.0.29418.71
MinimumVisualStudioVersion = 10.0.40219.1
Project("{FAE04EC0-301F-11D3-BF4B-00C04F79EFBC}") = "NoConditionals", "NoConditionals.csproj", "{62EA223A-F5E0-44F4-9F7E-7152878665EB}"
EndProject
Global
	GlobalSection(SolutionConfigurationPlatforms) = preSolution
		Debug|Any CPU = Debug|Any CPU
		Release|Any CPU = Release|Any CPU
	EndGlobalSection
	GlobalSection(ProjectConfigurationPlatforms) = postSolution
		{62EA223A-F5E0-44F4-9F7E-7152878665EB}.Debug|Any CPU.ActiveCfg = Debug|Any CPU
		{62EA223A-F5E0-44F4-9F7E-7152878665EB}.Debug|Any CPU.Build.0 = Debug|Any CPU
		{62EA223A-F5E0-44F4-9F7E-7152878665EB}.Release|Any CPU.ActiveCfg = Release|Any CPU
		{62EA223A-F5E0-44F4-9F7E-7152878665EB}.Release|Any CPU.Build.0 = Release|Any CPU
	EndGlobalSection
	GlobalSection(SolutionProperties) = preSolution
		HideSolutionNode = FALSE
	EndGlobalSection
	GlobalSection(ExtensibilityGlobals) = postSolution
		SolutionGuid = {7854570F-75FC-4F75-9981-454F57A78592}
	EndGlobalSection
EndGlobal
